
Microsoft Visual Studio Solution File, Format Version 12.00
# Visual Studio Version 16
VisualStudioVersion = 16.0.29728.190
MinimumVisualStudioVersion = 10.0.40219.1
Project("{FAE04EC0-301F-11D3-BF4B-00C04F79EFBC}") = "Bham.Plaid", "Bham.Plaid\Bham.Plaid.csproj", "{CFE75AD4-A2E3-46BA-B6A0-B54E40DCEC0A}"
EndProject
Project("{FAE04EC0-301F-11D3-BF4B-00C04F79EFBC}") = "Bham.Plaid.Test", "Bham.Plaid.Test\Bham.Plaid.Test.csproj", "{0D3B52FF-70CC-4BD3-BF04-1CA1A3681478}"
EndProject
Global
	GlobalSection(SolutionConfigurationPlatforms) = preSolution
		Debug|Any CPU = Debug|Any CPU
		Release|Any CPU = Release|Any CPU
	EndGlobalSection
	GlobalSection(ProjectConfigurationPlatforms) = postSolution
		{CFE75AD4-A2E3-46BA-B6A0-B54E40DCEC0A}.Debug|Any CPU.ActiveCfg = Debug|Any CPU
		{CFE75AD4-A2E3-46BA-B6A0-B54E40DCEC0A}.Debug|Any CPU.Build.0 = Debug|Any CPU
		{CFE75AD4-A2E3-46BA-B6A0-B54E40DCEC0A}.Release|Any CPU.ActiveCfg = Release|Any CPU
		{CFE75AD4-A2E3-46BA-B6A0-B54E40DCEC0A}.Release|Any CPU.Build.0 = Release|Any CPU
		{0D3B52FF-70CC-4BD3-BF04-1CA1A3681478}.Debug|Any CPU.ActiveCfg = Debug|Any CPU
		{0D3B52FF-70CC-4BD3-BF04-1CA1A3681478}.Debug|Any CPU.Build.0 = Debug|Any CPU
		{0D3B52FF-70CC-4BD3-BF04-1CA1A3681478}.Release|Any CPU.ActiveCfg = Release|Any CPU
		{0D3B52FF-70CC-4BD3-BF04-1CA1A3681478}.Release|Any CPU.Build.0 = Release|Any CPU
	EndGlobalSection
	GlobalSection(SolutionProperties) = preSolution
		HideSolutionNode = FALSE
	EndGlobalSection
	GlobalSection(ExtensibilityGlobals) = postSolution
		SolutionGuid = {1DD7FF68-8199-4D51-A6C9-07FD298796FC}
	EndGlobalSection
EndGlobal
